hash: 66e73befe4cb771f2eb6b389234310061556def057f9929dea237785aea0f6ae
updated: 2017-08-28T00:06:38.735811365+02:00
imports:
- name: github.com/kelseyhightower/envconfig
  version: f611eb38b3875cc3bd991ca91c51d06446afa14c
- name: github.com/sirupsen/logrus
  version: ba1b36c82c5e05c4f912a88eab0dcd91a171688f
- name: golang.org/x/sys
  version: d8f5ea21b9295e315e612b4bcf4bedea93454d4d
  subpackages:
  - unix
testImports: []
